
Microsoft Visual Studio Solution File, Format Version 12.00
# Visual Studio Version 17
VisualStudioVersion = 17.5.002.0
MinimumVisualStudioVersion = 10.0.40219.1
Project("{9A19103F-16F7-4668-BE54-9A1E7A4F7556}") = "webapp", "webapp.csproj", "{DDA76387-A1DC-43BA-A253-33CA65863A69}"
EndProject
Global
	GlobalSection(SolutionConfigurationPlatforms) = preSolution
		Debug|Any CPU = Debug|Any CPU
		Release|Any CPU = Release|Any CPU
	EndGlobalSection
	GlobalSection(ProjectConfigurationPlatforms) = postSolution
		{DDA76387-A1DC-43BA-A253-33CA65863A69}.Debug|Any CPU.ActiveCfg = Debug|Any CPU
		{DDA76387-A1DC-43BA-A253-33CA65863A69}.Debug|Any CPU.Build.0 = Debug|Any CPU
		{DDA76387-A1DC-43BA-A253-33CA65863A69}.Release|Any CPU.ActiveCfg = Release|Any CPU
		{DDA76387-A1DC-43BA-A253-33CA65863A69}.Release|Any CPU.Build.0 = Release|Any CPU
	EndGlobalSection
	GlobalSection(SolutionProperties) = preSolution
		HideSolutionNode = FALSE
	EndGlobalSection
	GlobalSection(ExtensibilityGlobals) = postSolution
		SolutionGuid = {89B7E247-0112-48AA-9C6E-76C58C2B06EE}
	EndGlobalSection
EndGlobal
